
Microsoft Visual Studio Solution File, Format Version 12.00
# Visual Studio Version 17
VisualStudioVersion = 17.3.32901.215
MinimumVisualStudioVersion = 10.0.40219.1
Project("{FAE04EC0-301F-11D3-BF4B-00C04F79EFBC}") = "novoprojeto1", "novoprojeto1\novoprojeto1.csproj", "{6A662460-F389-4539-9926-D999BFB33891}"
EndProject
Global
	GlobalSection(SolutionConfigurationPlatforms) = preSolution
		Debug|Any CPU = Debug|Any CPU
		Release|Any CPU = Release|Any CPU
	EndGlobalSection
	GlobalSection(ProjectConfigurationPlatforms) = postSolution
		{6A662460-F389-4539-9926-D999BFB33891}.Debug|Any CPU.ActiveCfg = Debug|Any CPU
		{6A662460-F389-4539-9926-D999BFB33891}.Debug|Any CPU.Build.0 = Debug|Any CPU
		{6A662460-F389-4539-9926-D999BFB33891}.Release|Any CPU.ActiveCfg = Release|Any CPU
		{6A662460-F389-4539-9926-D999BFB33891}.Release|Any CPU.Build.0 = Release|Any CPU
	EndGlobalSection
	GlobalSection(SolutionProperties) = preSolution
		HideSolutionNode = FALSE
	EndGlobalSection
	GlobalSection(ExtensibilityGlobals) = postSolution
		SolutionGuid = {0E71358D-7661-4922-8813-AD5E5659F5FA}
	EndGlobalSection
EndGlobal
