
Microsoft Visual Studio Solution File, Format Version 12.00
# Visual Studio Version 17
VisualStudioVersion = 17.3.32901.215
MinimumVisualStudioVersion = 10.0.40219.1
Project("{FAE04EC0-301F-11D3-BF4B-00C04F79EFBC}") = "Geometria", "Geometria\Geometria.csproj", "{81BC2338-42C0-4EDB-98AE-D5E412F1962E}"
EndProject
Global
	GlobalSection(SolutionConfigurationPlatforms) = preSolution
		Debug|Any CPU = Debug|Any CPU
		Release|Any CPU = Release|Any CPU
	EndGlobalSection
	GlobalSection(ProjectConfigurationPlatforms) = postSolution
		{81BC2338-42C0-4EDB-98AE-D5E412F1962E}.Debug|Any CPU.ActiveCfg = Debug|Any CPU
		{81BC2338-42C0-4EDB-98AE-D5E412F1962E}.Debug|Any CPU.Build.0 = Debug|Any CPU
		{81BC2338-42C0-4EDB-98AE-D5E412F1962E}.Release|Any CPU.ActiveCfg = Release|Any CPU
		{81BC2338-42C0-4EDB-98AE-D5E412F1962E}.Release|Any CPU.Build.0 = Release|Any CPU
	EndGlobalSection
	GlobalSection(SolutionProperties) = preSolution
		HideSolutionNode = FALSE
	EndGlobalSection
	GlobalSection(ExtensibilityGlobals) = postSolution
		SolutionGuid = {02FDB3A5-4A84-443F-B83B-47D1D0F675AE}
	EndGlobalSection
EndGlobal
