
Microsoft Visual Studio Solution File, Format Version 12.00
# Visual Studio Version 17
VisualStudioVersion = 17.3.32901.215
MinimumVisualStudioVersion = 10.0.40219.1
Project("{FAE04EC0-301F-11D3-BF4B-00C04F79EFBC}") = "Sala", "Sala\Sala.csproj", "{57AEB0F4-FBA9-45E8-8028-2D5FE63CE283}"
EndProject
Global
	GlobalSection(SolutionConfigurationPlatforms) = preSolution
		Debug|Any CPU = Debug|Any CPU
		Release|Any CPU = Release|Any CPU
	EndGlobalSection
	GlobalSection(ProjectConfigurationPlatforms) = postSolution
		{57AEB0F4-FBA9-45E8-8028-2D5FE63CE283}.Debug|Any CPU.ActiveCfg = Debug|Any CPU
		{57AEB0F4-FBA9-45E8-8028-2D5FE63CE283}.Debug|Any CPU.Build.0 = Debug|Any CPU
		{57AEB0F4-FBA9-45E8-8028-2D5FE63CE283}.Release|Any CPU.ActiveCfg = Release|Any CPU
		{57AEB0F4-FBA9-45E8-8028-2D5FE63CE283}.Release|Any CPU.Build.0 = Release|Any CPU
	EndGlobalSection
	GlobalSection(SolutionProperties) = preSolution
		HideSolutionNode = FALSE
	EndGlobalSection
	GlobalSection(ExtensibilityGlobals) = postSolution
		SolutionGuid = {3B740BB8-18B9-4CC1-B38F-E60C3D50FB9A}
	EndGlobalSection
EndGlobal
