
Microsoft Visual Studio Solution File, Format Version 12.00
# Visual Studio Version 17
VisualStudioVersion = 17.3.32901.215
MinimumVisualStudioVersion = 10.0.40219.1
Project("{FAE04EC0-301F-11D3-BF4B-00C04F79EFBC}") = "ConsoleApp4", "ConsoleApp4\ConsoleApp4.csproj", "{DF3CEF12-BBAF-40E0-B926-192DC49A1D9E}"
EndProject
Global
	GlobalSection(SolutionConfigurationPlatforms) = preSolution
		Debug|Any CPU = Debug|Any CPU
		Release|Any CPU = Release|Any CPU
	EndGlobalSection
	GlobalSection(ProjectConfigurationPlatforms) = postSolution
		{DF3CEF12-BBAF-40E0-B926-192DC49A1D9E}.Debug|Any CPU.ActiveCfg = Debug|Any CPU
		{DF3CEF12-BBAF-40E0-B926-192DC49A1D9E}.Debug|Any CPU.Build.0 = Debug|Any CPU
		{DF3CEF12-BBAF-40E0-B926-192DC49A1D9E}.Release|Any CPU.ActiveCfg = Release|Any CPU
		{DF3CEF12-BBAF-40E0-B926-192DC49A1D9E}.Release|Any CPU.Build.0 = Release|Any CPU
	EndGlobalSection
	GlobalSection(SolutionProperties) = preSolution
		HideSolutionNode = FALSE
	EndGlobalSection
	GlobalSection(ExtensibilityGlobals) = postSolution
		SolutionGuid = {FBBF1345-5961-4C8A-8B2B-522F2D088E87}
	EndGlobalSection
EndGlobal
